
Microsoft Visual Studio Solution File, Format Version 12.00
# Visual Studio Version 16
VisualStudioVersion = 16.0.30114.105
MinimumVisualStudioVersion = 10.0.40219.1
Project("{FAE04EC0-301F-11D3-BF4B-00C04F79EFBC}") = "WPF_InventoryListCreator", "WPF_InventoryListCreator.csproj", "{CD585CF3-5CC0-4F5E-8E11-1D5A98A70595}"
EndProject
Project("{C7167F0D-BC9F-4E6E-AFE1-012C56B48DB5}") = "InventoryInstaller", "..\InventoryInstaller\InventoryInstaller.wapproj", "{423857DE-35D2-4AF8-8B93-2A6A3E771B34}"
EndProject
Global
	GlobalSection(SolutionConfigurationPlatforms) = preSolution
		Debug|Any CPU = Debug|Any CPU
		Debug|ARM = Debug|ARM
		Debug|ARM64 = Debug|ARM64
		Debug|x64 = Debug|x64
		Debug|x86 = Debug|x86
		Release|Any CPU = Release|Any CPU
		Release|ARM = Release|ARM
		Release|ARM64 = Release|ARM64
		Release|x64 = Release|x64
		Release|x86 = Release|x86
	EndGlobalSection
	GlobalSection(ProjectConfigurationPlatforms) = postSolution
		{CD585CF3-5CC0-4F5E-8E11-1D5A98A70595}.Debug|Any CPU.ActiveCfg = Debug|Any CPU
		{CD585CF3-5CC0-4F5E-8E11-1D5A98A70595}.Debug|Any CPU.Build.0 = Debug|Any CPU
		{CD585CF3-5CC0-4F5E-8E11-1D5A98A70595}.Debug|ARM.ActiveCfg = Debug|Any CPU
		{CD585CF3-5CC0-4F5E-8E11-1D5A98A70595}.Debug|ARM.Build.0 = Debug|Any CPU
		{CD585CF3-5CC0-4F5E-8E11-1D5A98A70595}.Debug|ARM64.ActiveCfg = Debug|Any CPU
		{CD585CF3-5CC0-4F5E-8E11-1D5A98A70595}.Debug|ARM64.Build.0 = Debug|Any CPU
		{CD585CF3-5CC0-4F5E-8E11-1D5A98A70595}.Debug|x64.ActiveCfg = Debug|Any CPU
		{CD585CF3-5CC0-4F5E-8E11-1D5A98A70595}.Debug|x64.Build.0 = Debug|Any CPU
		{CD585CF3-5CC0-4F5E-8E11-1D5A98A70595}.Debug|x86.ActiveCfg = Debug|Any CPU
		{CD585CF3-5CC0-4F5E-8E11-1D5A98A70595}.Debug|x86.Build.0 = Debug|Any CPU
		{CD585CF3-5CC0-4F5E-8E11-1D5A98A70595}.Release|Any CPU.ActiveCfg = Release|x64
		{CD585CF3-5CC0-4F5E-8E11-1D5A98A70595}.Release|Any CPU.Build.0 = Release|x64
		{CD585CF3-5CC0-4F5E-8E11-1D5A98A70595}.Release|ARM.ActiveCfg = Release|Any CPU
		{CD585CF3-5CC0-4F5E-8E11-1D5A98A70595}.Release|ARM.Build.0 = Release|Any CPU
		{CD585CF3-5CC0-4F5E-8E11-1D5A98A70595}.Release|ARM64.ActiveCfg = Release|Any CPU
		{CD585CF3-5CC0-4F5E-8E11-1D5A98A70595}.Release|ARM64.Build.0 = Release|Any CPU
		{CD585CF3-5CC0-4F5E-8E11-1D5A98A70595}.Release|x64.ActiveCfg = Release|x64
		{CD585CF3-5CC0-4F5E-8E11-1D5A98A70595}.Release|x64.Build.0 = Release|x64
		{CD585CF3-5CC0-4F5E-8E11-1D5A98A70595}.Release|x86.ActiveCfg = Release|x86
		{CD585CF3-5CC0-4F5E-8E11-1D5A98A70595}.Release|x86.Build.0 = Release|x86
		{423857DE-35D2-4AF8-8B93-2A6A3E771B34}.Debug|Any CPU.ActiveCfg = Debug|Any CPU
		{423857DE-35D2-4AF8-8B93-2A6A3E771B34}.Debug|Any CPU.Build.0 = Debug|Any CPU
		{423857DE-35D2-4AF8-8B93-2A6A3E771B34}.Debug|Any CPU.Deploy.0 = Debug|Any CPU
		{423857DE-35D2-4AF8-8B93-2A6A3E771B34}.Debug|ARM.ActiveCfg = Debug|ARM
		{423857DE-35D2-4AF8-8B93-2A6A3E771B34}.Debug|ARM.Build.0 = Debug|ARM
		{423857DE-35D2-4AF8-8B93-2A6A3E771B34}.Debug|ARM.Deploy.0 = Debug|ARM
		{423857DE-35D2-4AF8-8B93-2A6A3E771B34}.Debug|ARM64.ActiveCfg = Debug|ARM64
		{423857DE-35D2-4AF8-8B93-2A6A3E771B34}.Debug|ARM64.Build.0 = Debug|ARM64
		{423857DE-35D2-4AF8-8B93-2A6A3E771B34}.Debug|ARM64.Deploy.0 = Debug|ARM64
		{423857DE-35D2-4AF8-8B93-2A6A3E771B34}.Debug|x64.ActiveCfg = Debug|x64
		{423857DE-35D2-4AF8-8B93-2A6A3E771B34}.Debug|x64.Build.0 = Debug|x64
		{423857DE-35D2-4AF8-8B93-2A6A3E771B34}.Debug|x64.Deploy.0 = Debug|x64
		{423857DE-35D2-4AF8-8B93-2A6A3E771B34}.Debug|x86.ActiveCfg = Debug|x86
		{423857DE-35D2-4AF8-8B93-2A6A3E771B34}.Debug|x86.Build.0 = Debug|x86
		{423857DE-35D2-4AF8-8B93-2A6A3E771B34}.Debug|x86.Deploy.0 = Debug|x86
		{423857DE-35D2-4AF8-8B93-2A6A3E771B34}.Release|Any CPU.ActiveCfg = Release|x64
		{423857DE-35D2-4AF8-8B93-2A6A3E771B34}.Release|Any CPU.Build.0 = Release|x64
		{423857DE-35D2-4AF8-8B93-2A6A3E771B34}.Release|Any CPU.Deploy.0 = Release|x64
		{423857DE-35D2-4AF8-8B93-2A6A3E771B34}.Release|ARM.ActiveCfg = Release|ARM
		{423857DE-35D2-4AF8-8B93-2A6A3E771B34}.Release|ARM.Build.0 = Release|ARM
		{423857DE-35D2-4AF8-8B93-2A6A3E771B34}.Release|ARM.Deploy.0 = Release|ARM
		{423857DE-35D2-4AF8-8B93-2A6A3E771B34}.Release|ARM64.ActiveCfg = Release|ARM64
		{423857DE-35D2-4AF8-8B93-2A6A3E771B34}.Release|ARM64.Build.0 = Release|ARM64
		{423857DE-35D2-4AF8-8B93-2A6A3E771B34}.Release|ARM64.Deploy.0 = Release|ARM64
		{423857DE-35D2-4AF8-8B93-2A6A3E771B34}.Release|x64.ActiveCfg = Release|x64
		{423857DE-35D2-4AF8-8B93-2A6A3E771B34}.Release|x64.Build.0 = Release|x64
		{423857DE-35D2-4AF8-8B93-2A6A3E771B34}.Release|x64.Deploy.0 = Release|x64
		{423857DE-35D2-4AF8-8B93-2A6A3E771B34}.Release|x86.ActiveCfg = Release|x86
		{423857DE-35D2-4AF8-8B93-2A6A3E771B34}.Release|x86.Build.0 = Release|x86
		{423857DE-35D2-4AF8-8B93-2A6A3E771B34}.Release|x86.Deploy.0 = Release|x86
	EndGlobalSection
	GlobalSection(SolutionProperties) = preSolution
		HideSolutionNode = FALSE
	EndGlobalSection
	GlobalSection(ExtensibilityGlobals) = postSolution
		SolutionGuid = {78F1E677-E79F-4C01-A748-544B0DBED00D}
	EndGlobalSection
EndGlobal
